# This file is autogenerated, do not edit; changes may be undone by the next 'dep ensure'.


[[projects]]
  name = "github.com/moul/anonuuid"
  packages = ["."]
  revision = "4d26dd5fe6926ecbb245bb7d97f2e78805b191b9"
  version = "v1.0.0"

[solve-meta]
  analyzer-name = "dep"
  analyzer-version = 1
  inputs-digest = "d4a235cba356be80648ea7090f1e6c100d6afd8db3e83c2daa4c49b21fe6d6e2"
  solver-name = "gps-cdcl"
  solver-version = 1
